
Microsoft Visual Studio Solution File, Format Version 12.00
# Visual Studio Version 17
VisualStudioVersion = 17.0.32126.317
MinimumVisualStudioVersion = 10.0.40219.1
Project("{9A19103F-16F7-4668-BE54-9A1E7A4F7556}") = "LEGO.AsyncAPI.Tests", "test\LEGO.AsyncAPI.Tests\LEGO.AsyncAPI.Tests.csproj", "{32C4357C-F664-4C6C-B87B-AEF1759EC060}"
EndProject
Project("{9A19103F-16F7-4668-BE54-9A1E7A4F7556}") = "LEGO.AsyncAPI", "src\LEGO.AsyncAPI\LEGO.AsyncAPI.csproj", "{D4559946-300D-4C6F-B92B-4376414D19C9}"
EndProject
Project("{9A19103F-16F7-4668-BE54-9A1E7A4F7556}") = "LEGO.AsyncAPI.E2E.Tests", "test\LEGO.AsyncAPI.E2E.Tests\LEGO.AsyncAPI.E2E.Tests.csproj", "{85E0F568-3B0C-4253-A03B-83578865A788}"
EndProject
Project("{9A19103F-16F7-4668-BE54-9A1E7A4F7556}") = "LEGO.AsyncAPI.Readers", "src\LEGO.AsyncAPI.Readers\LEGO.AsyncAPI.Readers.csproj", "{7D9C6FBA-4B6F-48A0-B3F5-E7357021F8F9}"
EndProject
Project("{9A19103F-16F7-4668-BE54-9A1E7A4F7556}") = "LEGO.AsyncAPI.Readers.YamlExample", "examples\LEGO.AsyncAPI.Readers.YamlExample\LEGO.AsyncAPI.Readers.YamlExample.csproj", "{D6314FDA-A897-4CEF-8EB1-DC46510BEB7C}"
EndProject
Project("{9A19103F-16F7-4668-BE54-9A1E7A4F7556}") = "LEGO.AsyncAPI.Readers.JsonExample", "examples\LEGO.AsyncAPI.Readers.JsonExample\LEGO.AsyncAPI.Readers.JsonExample.csproj", "{DACCA48F-6BA9-4552-B5A4-2D7ECAD328BE}"
EndProject
Project("{FAE04EC0-301F-11D3-BF4B-00C04F79EFBC}") = "LEGO.AsyncAPI.Writers", "src\LEGO.AsyncAPI.Writers\LEGO.AsyncAPI.Writers.csproj", "{3CC2CCB8-BDF8-4C1F-AF59-851EC5B5968C}"
EndProject
Project("{FAE04EC0-301F-11D3-BF4B-00C04F79EFBC}") = "LEGO.AsyncAPI.Writers.Example", "examples\LEGO.AsyncAPI.Writers.Example\LEGO.AsyncAPI.Writers.Example.csproj", "{09C8FC87-D785-41C2-84B1-14B2F40099D7}"
EndProject
Global
	GlobalSection(SolutionConfigurationPlatforms) = preSolution
		Debug|Any CPU = Debug|Any CPU
		Release|Any CPU = Release|Any CPU
	EndGlobalSection
	GlobalSection(ProjectConfigurationPlatforms) = postSolution
		{32C4357C-F664-4C6C-B87B-AEF1759EC060}.Debug|Any CPU.ActiveCfg = Debug|Any CPU
		{32C4357C-F664-4C6C-B87B-AEF1759EC060}.Debug|Any CPU.Build.0 = Debug|Any CPU
		{32C4357C-F664-4C6C-B87B-AEF1759EC060}.Release|Any CPU.ActiveCfg = Release|Any CPU
		{32C4357C-F664-4C6C-B87B-AEF1759EC060}.Release|Any CPU.Build.0 = Release|Any CPU
		{D4559946-300D-4C6F-B92B-4376414D19C9}.Debug|Any CPU.ActiveCfg = Debug|Any CPU
		{D4559946-300D-4C6F-B92B-4376414D19C9}.Debug|Any CPU.Build.0 = Debug|Any CPU
		{D4559946-300D-4C6F-B92B-4376414D19C9}.Release|Any CPU.ActiveCfg = Release|Any CPU
		{D4559946-300D-4C6F-B92B-4376414D19C9}.Release|Any CPU.Build.0 = Release|Any CPU
		{85E0F568-3B0C-4253-A03B-83578865A788}.Debug|Any CPU.ActiveCfg = Debug|Any CPU
		{85E0F568-3B0C-4253-A03B-83578865A788}.Debug|Any CPU.Build.0 = Debug|Any CPU
		{85E0F568-3B0C-4253-A03B-83578865A788}.Release|Any CPU.ActiveCfg = Release|Any CPU
		{85E0F568-3B0C-4253-A03B-83578865A788}.Release|Any CPU.Build.0 = Release|Any CPU
		{7D9C6FBA-4B6F-48A0-B3F5-E7357021F8F9}.Debug|Any CPU.ActiveCfg = Debug|Any CPU
		{7D9C6FBA-4B6F-48A0-B3F5-E7357021F8F9}.Debug|Any CPU.Build.0 = Debug|Any CPU
		{7D9C6FBA-4B6F-48A0-B3F5-E7357021F8F9}.Release|Any CPU.ActiveCfg = Release|Any CPU
		{7D9C6FBA-4B6F-48A0-B3F5-E7357021F8F9}.Release|Any CPU.Build.0 = Release|Any CPU
		{D6314FDA-A897-4CEF-8EB1-DC46510BEB7C}.Debug|Any CPU.ActiveCfg = Debug|Any CPU
		{D6314FDA-A897-4CEF-8EB1-DC46510BEB7C}.Debug|Any CPU.Build.0 = Debug|Any CPU
		{D6314FDA-A897-4CEF-8EB1-DC46510BEB7C}.Release|Any CPU.ActiveCfg = Release|Any CPU
		{D6314FDA-A897-4CEF-8EB1-DC46510BEB7C}.Release|Any CPU.Build.0 = Release|Any CPU
		{DACCA48F-6BA9-4552-B5A4-2D7ECAD328BE}.Debug|Any CPU.ActiveCfg = Debug|Any CPU
		{DACCA48F-6BA9-4552-B5A4-2D7ECAD328BE}.Debug|Any CPU.Build.0 = Debug|Any CPU
		{DACCA48F-6BA9-4552-B5A4-2D7ECAD328BE}.Release|Any CPU.ActiveCfg = Release|Any CPU
		{DACCA48F-6BA9-4552-B5A4-2D7ECAD328BE}.Release|Any CPU.Build.0 = Release|Any CPU
		{3CC2CCB8-BDF8-4C1F-AF59-851EC5B5968C}.Debug|Any CPU.ActiveCfg = Debug|Any CPU
		{3CC2CCB8-BDF8-4C1F-AF59-851EC5B5968C}.Debug|Any CPU.Build.0 = Debug|Any CPU
		{3CC2CCB8-BDF8-4C1F-AF59-851EC5B5968C}.Release|Any CPU.ActiveCfg = Release|Any CPU
		{3CC2CCB8-BDF8-4C1F-AF59-851EC5B5968C}.Release|Any CPU.Build.0 = Release|Any CPU
		{09C8FC87-D785-41C2-84B1-14B2F40099D7}.Debug|Any CPU.ActiveCfg = Debug|Any CPU
		{09C8FC87-D785-41C2-84B1-14B2F40099D7}.Debug|Any CPU.Build.0 = Debug|Any CPU
		{09C8FC87-D785-41C2-84B1-14B2F40099D7}.Release|Any CPU.ActiveCfg = Release|Any CPU
		{09C8FC87-D785-41C2-84B1-14B2F40099D7}.Release|Any CPU.Build.0 = Release|Any CPU
	EndGlobalSection
	GlobalSection(SolutionProperties) = preSolution
		HideSolutionNode = FALSE
	EndGlobalSection
	GlobalSection(ExtensibilityGlobals) = postSolution
		SolutionGuid = {080A9C36-2D7A-4B2C-BEE0-F7BC4EF3DBD9}
	EndGlobalSection
EndGlobal
